{
  "meteor": {},
  "dependencies": {
    "basePackages": {
      "accounts-ui-bootstrap-dropdown": {
        "version": "0.6.5.1"
      },
      "emoji": {
        "version": "0.9.0"
      }
    },
    "packages": {
      "accounts-ui-bootstrap-dropdown": {
        "git": "https://github.com/erobit/meteor-accounts-ui-bootstrap-dropdown.git",
        "tag": "v0.6.5.1",
        "commit": "c8b29d2e7f8611d6dec9d6d23c1c2b94e000b0fb"
      },
      "emoji": {
        "git": "https://github.com/AlarmingCow/meteor-emoji",
        "tag": "v0.9.0",
        "commit": "5643ed81291df39a8006b55a652646b9fd7fd05b"
      }
    }
  }
}
